// !$*UTF8*$!
{
	archiveVersion = 1;
	classes = {
	};
	objectVersion = 77;
	objects = {

/* Begin PBXBuildFile section */
		2F16E8A52F33394300BF24A7 /* GoogleMobileAds in Frameworks */ = {isa = PBXBuildFile; productRef = 2F16E0412F309F9C00BF24A7 /* GoogleMobileAds */; };
		2F6BABE82FB4844100A38648 /* FirebaseAnalytics in Frameworks */ = {isa = PBXBuildFile; productRef = 2F6BABE72FB4844100A38648 /* FirebaseAnalytics */; };
/* End PBXBuildFile section */

/* Begin PBXContainerItemProxy section */
		2F16E01B2F309F9C00BF24A7 /* PBXContainerItemProxy */ = {
			isa = PBXContainerItemProxy;
			containerPortal = 2F16E0052F309F9B00BF24A7 /* Project object */;
			proxyType = 1;
			remoteGlobalIDString = 2F16E00C2F309F9B00BF24A7;
			remoteInfo = SmartCart;
		};
		2F16E0252F309F9C00BF24A7 /* PBXContainerItemProxy */ = {
			isa = PBXContainerItemProxy;
			containerPortal = 2F16E0052F309F9B00BF24A7 /* Project object */;
			proxyType = 1;
			remoteGlobalIDString = 2F16E00C2F309F9B00BF24A7;
			remoteInfo = SmartCart;
		};
/* End PBXContainerItemProxy section */

/* Begin PBXFileReference section */
		2F16E00D2F309F9B00BF24A7 /* SmartCart.app */ = {isa = PBXFileReference; explicitFileType = wrapper.application; includeInIndex = 0; path = SmartCart.app; sourceTree = BUILT_PRODUCTS_DIR; };
		2F16E01A2F309F9C00BF24A7 /* SmartCartTests.xctest */ = {isa = PBXFileReference; explicitFileType = wrapper.cfbundle; includeInIndex = 0; path = SmartCartTests.xctest; sourceTree = BUILT_PRODUCTS_DIR; };
		2F16E0242F309F9C00BF24A7 /* SmartCartUITests.xctest */ = {isa = PBXFileReference; explicitFileType = wrapper.cfbundle; includeInIndex = 0; path = SmartCartUITests.xctest; sourceTree = BUILT_PRODUCTS_DIR; };
		2F16EEB32F36064400BF24A7 /* Untitled.icon */ = {isa = PBXFileReference; lastKnownFileType = folder.iconcomposer.icon; path = Untitled.icon; sourceTree = "<group>"; };
/* End PBXFileReference section */

/* Begin PBXFileSystemSynchronizedRootGroup section */
		2F16E00F2F309F9B00BF24A7 /* SmartCart */ = {
			isa = PBXFileSystemSynchronizedRootGroup;
			path = SmartCart;
			sourceTree = "<group>";
		};
		2F16E01D2F309F9C00BF24A7 /* SmartCartTests */ = {
			isa = PBXFileSystemSynchronizedRootGroup;
			path = SmartCartTests;
			sourceTree = "<group>";
		};
		2F16E0272F309F9C00BF24A7 /* SmartCartUITests */ = {
			isa = PBXFileSystemSynchronizedRootGroup;
			path = SmartCartUITests;
			sourceTree = "<group>";
		};
/* End PBXFileSystemSynchronizedRootGroup section */

/* Begin PBXFrameworksBuildPhase section */
		2F16E00A2F309F9B00BF24A7 /* Frameworks */ = {
			isa = PBXFrameworksBuildPhase;
			buildActionMask = 2147483647;
			files = (
				2F6BABE82FB4844100A38648 /* FirebaseAnalytics in Frameworks */,
				2F16E8A52F33394300BF24A7 /* GoogleMobileAds in Frameworks */,
			);
			runOnlyForDeploymentPostprocessing = 0;
		};
		2F16E0172F309F9C00BF24A7 /* Frameworks */ = {
			isa = PBXFrameworksBuildPhase;
			buildActionMask = 2147483647;
			files = (
			);
			runOnlyForDeploymentPostprocessing = 0;
		};
		2F16E0212F309F9C00BF24A7 /* Frameworks */ = {
			isa = PBXFrameworksBuildPhase;
			buildActionMask = 2147483647;
			files = (
			);
			runOnlyForDeploymentPostprocessing = 0;
		};
/* End PBXFrameworksBuildPhase section */

/* Begin PBXGroup section */
		2F16E0042F309F9B00BF24A7 = {
			isa = PBXGroup;
			children = (
				2F16E00F2F309F9B00BF24A7 /* SmartCart */,
				2F16E01D2F309F9C00BF24A7 /* SmartCartTests */,
				2F16E0272F309F9C00BF24A7 /* SmartCartUITests */,
				2F16E00E2F309F9B00BF24A7 /* Products */,
				2F16EEB32F36064400BF24A7 /* Untitled.icon */,
				2F6BABE62FB4844100A38648 /* Frameworks */,
			);
			sourceTree = "<group>";
		};
		2F16E00E2F309F9B00BF24A7 /* Products */ = {
			isa = PBXGroup;
			children = (
				2F16E00D2F309F9B00BF24A7 /* SmartCart.app */,
				2F16E01A2F309F9C00BF24A7 /* SmartCartTests.xctest */,
				2F16E0242F309F9C00BF24A7 /* SmartCartUITests.xctest */,
			);
			name = Products;
			sourceTree = "<group>";
		};
		2F6BABE62FB4844100A38648 /* Frameworks */ = {
			isa = PBXGroup;
			children = (
			);
			name = Frameworks;
			sourceTree = "<group>";
		};
/* End PBXGroup section */

/* Begin PBXNativeTarget section */
		2F16E00C2F309F9B00BF24A7 /* SmartCart */ = {
			isa = PBXNativeTarget;
			buildConfigurationList = 2F16E02E2F309F9C00BF24A7 /* Build configuration list for PBXNativeTarget "SmartCart" */;
			buildPhases = (
				2F16E0092F309F9B00BF24A7 /* Sources */,
				2F16E00A2F309F9B00BF24A7 /* Frameworks */,
				2F16E00B2F309F9B00BF24A7 /* Resources */,
			);
			buildRules = (
			);
			dependencies = (
			);
			fileSystemSynchronizedGroups = (
				2F16E00F2F309F9B00BF24A7 /* SmartCart */,
			);
			name = SmartCart;
			packageProductDependencies = (
				2F16E0412F309F9C00BF24A7 /* GoogleMobileAds */,
				2F6BABE72FB4844100A38648 /* FirebaseAnalytics */,
			);
			productName = SmartCart;
			productReference = 2F16E00D2F309F9B00BF24A7 /* SmartCart.app */;
			productType = "com.apple.product-type.application";
		};
		2F16E0192F309F9C00BF24A7 /* SmartCartTests */ = {
			isa = PBXNativeTarget;
			buildConfigurationList = 2F16E0312F309F9C00BF24A7 /* Build configuration list for PBXNativeTarget "SmartCartTests" */;
			buildPhases = (
				2F16E0162F309F9C00BF24A7 /* Sources */,
				2F16E0172F309F9C00BF24A7 /* Frameworks */,
				2F16E0182F309F9C00BF24A7 /* Resources */,
			);
			buildRules = (
			);
			dependencies = (
				2F16E01C2F309F9C00BF24A7 /* PBXTargetDependency */,
			);
			fileSystemSynchronizedGroups = (
				2F16E01D2F309F9C00BF24A7 /* SmartCartTests */,
			);
			name = SmartCartTests;
			packageProductDependencies = (
			);
			productName = SmartCartTests;
			productReference = 2F16E01A2F309F9C00BF24A7 /* SmartCartTests.xctest */;
			productType = "com.apple.product-type.bundle.unit-test";
		};
		2F16E0232F309F9C00BF24A7 /* SmartCartUITests */ = {
			isa = PBXNativeTarget;
			buildConfigurationList = 2F16E0342F309F9C00BF24A7 /* Build configuration list for PBXNativeTarget "SmartCartUITests" */;
			buildPhases = (
				2F16E0202F309F9C00BF24A7 /* Sources */,
				2F16E0212F309F9C00BF24A7 /* Frameworks */,
				2F16E0222F309F9C00BF24A7 /* Resources */,
			);
			buildRules = (
			);
			dependencies = (
				2F16E0262F309F9C00BF24A7 /* PBXTargetDependency */,
			);
			fileSystemSynchronizedGroups = (
				2F16E0272F309F9C00BF24A7 /* SmartCartUITests */,
			);
			name = SmartCartUITests;
			packageProductDependencies = (
			);
			productName = SmartCartUITests;
			productReference = 2F16E0242F309F9C00BF24A7 /* SmartCartUITests.xctest */;
			productType = "com.apple.product-type.bundle.ui-testing";
		};
/* End PBXNativeTarget section */

/* Begin PBXProject section */
		2F16E0052F309F9B00BF24A7 /* Project object */ = {
			isa = PBXProject;
			attributes = {
				BuildIndependentTargetsInParallel = 1;
				LastSwiftUpdateCheck = 2620;
				LastUpgradeCheck = 2640;
				TargetAttributes = {
					2F16E00C2F309F9B00BF24A7 = {
						CreatedOnToolsVersion = 26.2;
					};
					2F16E0192F309F9C00BF24A7 = {
						CreatedOnToolsVersion = 26.2;
						TestTargetID = 2F16E00C2F309F9B00BF24A7;
					};
					2F16E0232F309F9C00BF24A7 = {
						CreatedOnToolsVersion = 26.2;
						TestTargetID = 2F16E00C2F309F9B00BF24A7;
					};
				};
			};
			buildConfigurationList = 2F16E0082F309F9B00BF24A7 /* Build configuration list for PBXProject "SmartCart" */;
			developmentRegion = en;
			hasScannedForEncodings = 0;
			knownRegions = (
				en,
				Base,
			);
			mainGroup = 2F16E0042F309F9B00BF24A7;
			minimizedProjectReferenceProxies = 1;
			packageReferences = (
				2F16E0402F309F9C00BF24A7 /* XCRemoteSwiftPackageReference "swift-package-manager-google-mobile-ads" */,
				2F3693582FB47E5600D03CA8 /* XCRemoteSwiftPackageReference "firebase-ios-sdk" */,
			);
			preferredProjectObjectVersion = 77;
			productRefGroup = 2F16E00E2F309F9B00BF24A7 /* Products */;
			projectDirPath = "";
			projectRoot = "";
			targets = (
				2F16E00C2F309F9B00BF24A7 /* SmartCart */,
				2F16E0192F309F9C00BF24A7 /* SmartCartTests */,
				2F16E0232F309F9C00BF24A7 /* SmartCartUITests */,
			);
		};
/* End PBXProject section */

/* Begin PBXResourcesBuildPhase section */
		2F16E00B2F309F9B00BF24A7 /* Resources */ = {
			isa = PBXResourcesBuildPhase;
			buildActionMask = 2147483647;
			files = (
			);
			runOnlyForDeploymentPostprocessing = 0;
		};
		2F16E0182F309F9C00BF24A7 /* Resources */ = {
			isa = PBXResourcesBuildPhase;
			buildActionMask = 2147483647;
			files = (
			);
			runOnlyForDeploymentPostprocessing = 0;
		};
		2F16E0222F309F9C00BF24A7 /* Resources */ = {
			isa = PBXResourcesBuildPhase;
			buildActionMask = 2147483647;
			files = (
			);
			runOnlyForDeploymentPostprocessing = 0;
		};
/* End PBXResourcesBuildPhase section */

/* Begin PBXSourcesBuildPhase section */
		2F16E0092F309F9B00BF24A7 /* Sources */ = {
			isa = PBXSourcesBuildPhase;
			buildActionMask = 2147483647;
			files = (
			);
			runOnlyForDeploymentPostprocessing = 0;
		};
		2F16E0162F309F9C00BF24A7 /* Sources */ = {
			isa = PBXSourcesBuildPhase;
			buildActionMask = 2147483647;
			files = (
			);
			runOnlyForDeploymentPostprocessing = 0;
		};
		2F16E0202F309F9C00BF24A7 /* Sources */ = {
			isa = PBXSourcesBuildPhase;
			buildActionMask = 2147483647;
			files = (
			);
			runOnlyForDeploymentPostprocessing = 0;
		};
/* End PBXSourcesBuildPhase section */

/* Begin PBXTargetDependency section */
		2F16E01C2F309F9C00BF24A7 /* PBXTargetDependency */ = {
			isa = PBXTargetDependency;
			target = 2F16E00C2F309F9B00BF24A7 /* SmartCart */;
			targetProxy = 2F16E01B2F309F9C00BF24A7 /* PBXContainerItemProxy */;
		};
		2F16E0262F309F9C00BF24A7 /* PBXTargetDependency */ = {
			isa = PBXTargetDependency;
			target = 2F16E00C2F309F9B00BF24A7 /* SmartCart */;
			targetProxy = 2F16E0252F309F9C00BF24A7 /* PBXContainerItemProxy */;
		};
/* End PBXTargetDependency section */

/* Begin XCBuildConfiguration section */
		2F16E02C2F309F9C00BF24A7 /* Debug */ = {
			isa = XCBuildConfiguration;
			buildSettings = {
				ALWAYS_SEARCH_USER_PATHS = NO;
				ASSETCATALOG_COMPILER_GENERATE_SWIFT_ASSET_SYMBOL_EXTENSIONS = YES;
				CLANG_ANALYZER_NONNULL = YES;
				CLANG_ANALYZER_NUMBER_OBJECT_CONVERSION = YES_AGGRESSIVE;
				CLANG_CXX_LANGUAGE_STANDARD = "gnu++20";
				CLANG_ENABLE_MODULES = YES;
				CLANG_ENABLE_OBJC_ARC = YES;
				CLANG_ENABLE_OBJC_WEAK = YES;
				CLANG_WARN_BLOCK_CAPTURE_AUTORELEASING = YES;
				CLANG_WARN_BOOL_CONVERSION = YES;
				CLANG_WARN_COMMA = YES;
				CLANG_WARN_CONSTANT_CONVERSION = YES;
				CLANG_WARN_DEPRECATED_OBJC_IMPLEMENTATIONS = YES;
				CLANG_WARN_DIRECT_OBJC_ISA_USAGE = YES_ERROR;
				CLANG_WARN_DOCUMENTATION_COMMENTS = YES;
				CLANG_WARN_EMPTY_BODY = YES;
				CLANG_WARN_ENUM_CONVERSION = YES;
				CLANG_WARN_INFINITE_RECURSION = YES;
				CLANG_WARN_INT_CONVERSION = YES;
				CLANG_WARN_NON_LITERAL_NULL_CONVERSION = YES;
				CLANG_WARN_OBJC_IMPLICIT_RETAIN_SELF = YES;
				CLANG_WARN_OBJC_LITERAL_CONVERSION = YES;
				CLANG_WARN_OBJC_ROOT_CLASS = YES_ERROR;
				CLANG_WARN_QUOTED_INCLUDE_IN_FRAMEWORK_HEADER = YES;
				CLANG_WARN_RANGE_LOOP_ANALYSIS = YES;
				CLANG_WARN_STRICT_PROTOTYPES = YES;
				CLANG_WARN_SUSPICIOUS_MOVE = YES;
				CLANG_WARN_UNGUARDED_AVAILABILITY = YES_AGGRESSIVE;
				CLANG_WARN_UNREACHABLE_CODE = YES;
				CLANG_WARN__DUPLICATE_METHOD_MATCH = YES;
				COPY_PHASE_STRIP = NO;
				DEBUG_INFORMATION_FORMAT = dwarf;
				ENABLE_STRICT_OBJC_MSGSEND = YES;
				ENABLE_TESTABILITY = YES;
				ENABLE_USER_SCRIPT_SANDBOXING = YES;
				GCC_C_LANGUAGE_STANDARD = gnu17;
				GCC_DYNAMIC_NO_PIC = NO;
				GCC_NO_COMMON_BLOCKS = YES;
				GCC_OPTIMIZATION_LEVEL = 0;
				GCC_PREPROCESSOR_DEFINITIONS = (
					"DEBUG=1",
					"$(inherited)",
				);
				GCC_WARN_64_TO_32_BIT_CONVERSION = YES;
				GCC_WARN_ABOUT_RETURN_TYPE = YES_ERROR;
				GCC_WARN_UNDECLARED_SELECTOR = YES;
				GCC_WARN_UNINITIALIZED_AUTOS = YES_AGGRESSIVE;
				GCC_WARN_UNUSED_FUNCTION = YES;
				GCC_WARN_UNUSED_VARIABLE = YES;
				IPHONEOS_DEPLOYMENT_TARGET = 26.2;
				LOCALIZATION_PREFERS_STRING_CATALOGS = YES;
				MTL_ENABLE_DEBUG_INFO = INCLUDE_SOURCE;
				MTL_FAST_MATH = YES;
				ONLY_ACTIVE_ARCH = YES;
				SDKROOT = iphoneos;
				STRING_CATALOG_GENERATE_SYMBOLS = YES;
				SWIFT_ACTIVE_COMPILATION_CONDITIONS = "DEBUG $(inherited)";
				SWIFT_OPTIMIZATION_LEVEL = "-Onone";
			};
			name = Debug;
		};
		2F16E02D2F309F9C00BF24A7 /* Release */ = {
			isa = XCBuildConfiguration;
			buildSettings = {
				ALWAYS_SEARCH_USER_PATHS = NO;
				ASSETCATALOG_COMPILER_GENERATE_SWIFT_ASSET_SYMBOL_EXTENSIONS = YES;
				CLANG_ANALYZER_NONNULL = YES;
				CLANG_ANALYZER_NUMBER_OBJECT_CONVERSION = YES_AGGRESSIVE;
				CLANG_CXX_LANGUAGE_STANDARD = "gnu++20";
				CLANG_ENABLE_MODULES = YES;
				CLANG_ENABLE_OBJC_ARC = YES;
				CLANG_ENABLE_OBJC_WEAK = YES;
				CLANG_WARN_BLOCK_CAPTURE_AUTORELEASING = YES;
				CLANG_WARN_BOOL_CONVERSION = YES;
				CLANG_WARN_COMMA = YES;
				CLANG_WARN_CONSTANT_CONVERSION = YES;
				CLANG_WARN_DEPRECATED_OBJC_IMPLEMENTATIONS = YES;
				CLANG_WARN_DIRECT_OBJC_ISA_USAGE = YES_ERROR;
				CLANG_WARN_DOCUMENTATION_COMMENTS = YES;
				CLANG_WARN_EMPTY_BODY = YES;
				CLANG_WARN_ENUM_CONVERSION = YES;
				CLANG_WARN_INFINITE_RECURSION = YES;
				CLANG_WARN_INT_CONVERSION = YES;
				CLANG_WARN_NON_LITERAL_NULL_CONVERSION = YES;
				CLANG_WARN_OBJC_IMPLICIT_RETAIN_SELF = YES;
				CLANG_WARN_OBJC_LITERAL_CONVERSION = YES;
				CLANG_WARN_OBJC_ROOT_CLASS = YES_ERROR;
				CLANG_WARN_QUOTED_INCLUDE_IN_FRAMEWORK_HEADER = YES;
				CLANG_WARN_RANGE_LOOP_ANALYSIS = YES;
				CLANG_WARN_STRICT_PROTOTYPES = YES;
				CLANG_WARN_SUSPICIOUS_MOVE = YES;
				CLANG_WARN_UNGUARDED_AVAILABILITY = YES_AGGRESSIVE;
				CLANG_WARN_UNREACHABLE_CODE = YES;
				CLANG_WARN__DUPLICATE_METHOD_MATCH = YES;
				COPY_PHASE_STRIP = NO;
				DEBUG_INFORMATION_FORMAT = "dwarf-with-dsym";
				ENABLE_NS_ASSERTIONS = NO;
				ENABLE_STRICT_OBJC_MSGSEND = YES;
				ENABLE_USER_SCRIPT_SANDBOXING = YES;
				GCC_C_LANGUAGE_STANDARD = gnu17;
				GCC_NO_COMMON_BLOCKS = YES;
				GCC_WARN_64_TO_32_BIT_CONVERSION = YES;
				GCC_WARN_ABOUT_RETURN_TYPE = YES_ERROR;
				GCC_WARN_UNDECLARED_SELECTOR = YES;
				GCC_WARN_UNINITIALIZED_AUTOS = YES_AGGRESSIVE;
				GCC_WARN_UNUSED_FUNCTION = YES;
				GCC_WARN_UNUSED_VARIABLE = YES;
				IPHONEOS_DEPLOYMENT_TARGET = 26.2;
				LOCALIZATION_PREFERS_STRING_CATALOGS = YES;
				MTL_ENABLE_DEBUG_INFO = NO;
				MTL_FAST_MATH = YES;
				SDKROOT = iphoneos;
				STRING_CATALOG_GENERATE_SYMBOLS = YES;
				SWIFT_COMPILATION_MODE = wholemodule;
				VALIDATE_PRODUCT = YES;
			};
			name = Release;
		};
		2F16E02F2F309F9C00BF24A7 /* Debug */ = {
			isa = XCBuildConfiguration;
			buildSettings = {
				ASSETCATALOG_COMPILER_APPICON_NAME = AppIcon;
				ASSETCATALOG_COMPILER_GLOBAL_ACCENT_COLOR_NAME = AccentColor;
				ASSETCATALOG_COMPILER_INCLUDE_ALL_APPICON_ASSETS = YES;
				CODE_SIGN_STYLE = Automatic;
				CURRENT_PROJECT_VERSION = 4;
				DEVELOPMENT_TEAM = FD68SPXNJ4;
				ENABLE_PREVIEWS = YES;
				GENERATE_INFOPLIST_FILE = YES;
				INFOPLIST_FILE = Info.plist;
				INFOPLIST_KEY_CFBundleDisplayName = SmartCart;
				INFOPLIST_KEY_GADApplicationIdentifier = "ca-app-pub-8715406486268947~7918138872";
				INFOPLIST_KEY_LSApplicationCategoryType = "public.app-category.food-and-drink";
				INFOPLIST_KEY_NSUserTrackingUsageDescription = "SmartCart uses this to show you more relevant ads and support the app. You can change this anytime in Settings.";
				INFOPLIST_KEY_UIApplicationSceneManifest_Generation = YES;
				INFOPLIST_KEY_UIApplicationSupportsIndirectInputEvents = YES;
				INFOPLIST_KEY_UILaunchScreen_Generation = YES;
				INFOPLIST_KEY_UIStatusBarHidden = YES;
				INFOPLIST_KEY_UISupportedInterfaceOrientations = UIInterfaceOrientationPortrait;
				INFOPLIST_KEY_UISupportedInterfaceOrientations_iPad = "UIInterfaceOrientationLandscapeLeft UIInterfaceOrientationLandscapeRight UIInterfaceOrientationPortrait UIInterfaceOrientationPortraitUpsideDown";
				IPHONEOS_DEPLOYMENT_TARGET = 26.0;
				LD_RUNPATH_SEARCH_PATHS = (
					"$(inherited)",
					"@executable_path/Frameworks",
				);
				MARKETING_VERSION = 1.4;
				PRODUCT_BUNDLE_IDENTIFIER = "com.Null-Club.SmartCartV1";
				PRODUCT_NAME = "$(TARGET_NAME)";
				STRING_CATALOG_GENERATE_SYMBOLS = YES;
				SWIFT_APPROACHABLE_CONCURRENCY = YES;
				SWIFT_DEFAULT_ACTOR_ISOLATION = MainActor;
				SWIFT_EMIT_LOC_STRINGS = YES;
				SWIFT_UPCOMING_FEATURE_MEMBER_IMPORT_VISIBILITY = YES;
				SWIFT_VERSION = 5.0;
				TARGETED_DEVICE_FAMILY = "1,2";
			};
			name = Debug;
		};
		2F16E0302F309F9C00BF24A7 /* Release */ = {
			isa = XCBuildConfiguration;
			buildSettings = {
				ASSETCATALOG_COMPILER_APPICON_NAME = AppIcon;
				ASSETCATALOG_COMPILER_GLOBAL_ACCENT_COLOR_NAME = AccentColor;
				ASSETCATALOG_COMPILER_INCLUDE_ALL_APPICON_ASSETS = YES;
				CODE_SIGN_STYLE = Automatic;
				CURRENT_PROJECT_VERSION = 4;
				DEVELOPMENT_TEAM = FD68SPXNJ4;
				ENABLE_PREVIEWS = YES;
				GENERATE_INFOPLIST_FILE = YES;
				INFOPLIST_FILE = Info.plist;
				INFOPLIST_KEY_CFBundleDisplayName = SmartCart;
				INFOPLIST_KEY_GADApplicationIdentifier = "ca-app-pub-8715406486268947~7918138872";
				INFOPLIST_KEY_LSApplicationCategoryType = "public.app-category.food-and-drink";
				INFOPLIST_KEY_NSUserTrackingUsageDescription = "SmartCart uses this to show you more relevant ads and support the app. You can change this anytime in Settings.";
				INFOPLIST_KEY_UIApplicationSceneManifest_Generation = YES;
				INFOPLIST_KEY_UIApplicationSupportsIndirectInputEvents = YES;
				INFOPLIST_KEY_UILaunchScreen_Generation = YES;
				INFOPLIST_KEY_UIStatusBarHidden = YES;
				INFOPLIST_KEY_UISupportedInterfaceOrientations = UIInterfaceOrientationPortrait;
				INFOPLIST_KEY_UISupportedInterfaceOrientations_iPad = "UIInterfaceOrientationLandscapeLeft UIInterfaceOrientationLandscapeRight UIInterfaceOrientationPortrait UIInterfaceOrientationPortraitUpsideDown";
				IPHONEOS_DEPLOYMENT_TARGET = 26.0;
				LD_RUNPATH_SEARCH_PATHS = (
					"$(inherited)",
					"@executable_path/Frameworks",
				);
				MARKETING_VERSION = 1.4;
				PRODUCT_BUNDLE_IDENTIFIER = "com.Null-Club.SmartCartV1";
				PRODUCT_NAME = "$(TARGET_NAME)";
				STRING_CATALOG_GENERATE_SYMBOLS = YES;
				SWIFT_APPROACHABLE_CONCURRENCY = YES;
				SWIFT_DEFAULT_ACTOR_ISOLATION = MainActor;
				SWIFT_EMIT_LOC_STRINGS = YES;
				SWIFT_UPCOMING_FEATURE_MEMBER_IMPORT_VISIBILITY = YES;
				SWIFT_VERSION = 5.0;
				TARGETED_DEVICE_FAMILY = "1,2";
			};
			name = Release;
		};
		2F16E0322F309F9C00BF24A7 /* Debug */ = {
			isa = XCBuildConfiguration;
			buildSettings = {
				BUNDLE_LOADER = "$(TEST_HOST)";
				CODE_SIGN_STYLE = Automatic;
				CURRENT_PROJECT_VERSION = 1;
				DEVELOPMENT_TEAM = 3ZV3XF39H9;
				GENERATE_INFOPLIST_FILE = YES;
				IPHONEOS_DEPLOYMENT_TARGET = 26.2;
				MARKETING_VERSION = 1.0;
				PRODUCT_BUNDLE_IDENTIFIER = "Null-Club.SmartCartTests";
				PRODUCT_NAME = "$(TARGET_NAME)";
				STRING_CATALOG_GENERATE_SYMBOLS = NO;
				SWIFT_APPROACHABLE_CONCURRENCY = YES;
				SWIFT_EMIT_LOC_STRINGS = NO;
				SWIFT_UPCOMING_FEATURE_MEMBER_IMPORT_VISIBILITY = YES;
				SWIFT_VERSION = 5.0;
				TARGETED_DEVICE_FAMILY = "1,2";
				TEST_HOST = "$(BUILT_PRODUCTS_DIR)/SmartCart.app/$(BUNDLE_EXECUTABLE_FOLDER_PATH)/SmartCart";
			};
			name = Debug;
		};
		2F16E0332F309F9C00BF24A7 /* Release */ = {
			isa = XCBuildConfiguration;
			buildSettings = {
				BUNDLE_LOADER = "$(TEST_HOST)";
				CODE_SIGN_STYLE = Automatic;
				CURRENT_PROJECT_VERSION = 1;
				DEVELOPMENT_TEAM = 3ZV3XF39H9;
				GENERATE_INFOPLIST_FILE = YES;
				IPHONEOS_DEPLOYMENT_TARGET = 26.2;
				MARKETING_VERSION = 1.0;
				PRODUCT_BUNDLE_IDENTIFIER = "Null-Club.SmartCartTests";
				PRODUCT_NAME = "$(TARGET_NAME)";
				STRING_CATALOG_GENERATE_SYMBOLS = NO;
				SWIFT_APPROACHABLE_CONCURRENCY = YES;
				SWIFT_EMIT_LOC_STRINGS = NO;
				SWIFT_UPCOMING_FEATURE_MEMBER_IMPORT_VISIBILITY = YES;
				SWIFT_VERSION = 5.0;
				TARGETED_DEVICE_FAMILY = "1,2";
				TEST_HOST = "$(BUILT_PRODUCTS_DIR)/SmartCart.app/$(BUNDLE_EXECUTABLE_FOLDER_PATH)/SmartCart";
			};
			name = Release;
		};
		2F16E0352F309F9C00BF24A7 /* Debug */ = {
			isa = XCBuildConfiguration;
			buildSettings = {
				CODE_SIGN_STYLE = Automatic;
				CURRENT_PROJECT_VERSION = 1;
				DEVELOPMENT_TEAM = 3ZV3XF39H9;
				GENERATE_INFOPLIST_FILE = YES;
				MARKETING_VERSION = 1.0;
				PRODUCT_BUNDLE_IDENTIFIER = "Null-Club.SmartCartUITests";
				PRODUCT_NAME = "$(TARGET_NAME)";
				STRING_CATALOG_GENERATE_SYMBOLS = NO;
				SWIFT_APPROACHABLE_CONCURRENCY = YES;
				SWIFT_EMIT_LOC_STRINGS = NO;
				SWIFT_UPCOMING_FEATURE_MEMBER_IMPORT_VISIBILITY = YES;
				SWIFT_VERSION = 5.0;
				TARGETED_DEVICE_FAMILY = "1,2";
				TEST_TARGET_NAME = SmartCart;
			};
			name = Debug;
		};
		2F16E0362F309F9C00BF24A7 /* Release */ = {
			isa = XCBuildConfiguration;
			buildSettings = {
				CODE_SIGN_STYLE = Automatic;
				CURRENT_PROJECT_VERSION = 1;
				DEVELOPMENT_TEAM = 3ZV3XF39H9;
				GENERATE_INFOPLIST_FILE = YES;
				MARKETING_VERSION = 1.0;
				PRODUCT_BUNDLE_IDENTIFIER = "Null-Club.SmartCartUITests";
				PRODUCT_NAME = "$(TARGET_NAME)";
				STRING_CATALOG_GENERATE_SYMBOLS = NO;
				SWIFT_APPROACHABLE_CONCURRENCY = YES;
				SWIFT_EMIT_LOC_STRINGS = NO;
				SWIFT_UPCOMING_FEATURE_MEMBER_IMPORT_VISIBILITY = YES;
				SWIFT_VERSION = 5.0;
				TARGETED_DEVICE_FAMILY = "1,2";
				TEST_TARGET_NAME = SmartCart;
			};
			name = Release;
		};
/* End XCBuildConfiguration section */

/* Begin XCConfigurationList section */
		2F16E0082F309F9B00BF24A7 /* Build configuration list for PBXProject "SmartCart" */ = {
			isa = XCConfigurationList;
			buildConfigurations = (
				2F16E02C2F309F9C00BF24A7 /* Debug */,
				2F16E02D2F309F9C00BF24A7 /* Release */,
			);
			defaultConfigurationIsVisible = 0;
			defaultConfigurationName = Release;
		};
		2F16E02E2F309F9C00BF24A7 /* Build configuration list for PBXNativeTarget "SmartCart" */ = {
			isa = XCConfigurationList;
			buildConfigurations = (
				2F16E02F2F309F9C00BF24A7 /* Debug */,
				2F16E0302F309F9C00BF24A7 /* Release */,
			);
			defaultConfigurationIsVisible = 0;
			defaultConfigurationName = Release;
		};
		2F16E0312F309F9C00BF24A7 /* Build configuration list for PBXNativeTarget "SmartCartTests" */ = {
			isa = XCConfigurationList;
			buildConfigurations = (
				2F16E0322F309F9C00BF24A7 /* Debug */,
				2F16E0332F309F9C00BF24A7 /* Release */,
			);
			defaultConfigurationIsVisible = 0;
			defaultConfigurationName = Release;
		};
		2F16E0342F309F9C00BF24A7 /* Build configuration list for PBXNativeTarget "SmartCartUITests" */ = {
			isa = XCConfigurationList;
			buildConfigurations = (
				2F16E0352F309F9C00BF24A7 /* Debug */,
				2F16E0362F309F9C00BF24A7 /* Release */,
			);
			defaultConfigurationIsVisible = 0;
			defaultConfigurationName = Release;
		};
/* End XCConfigurationList section */

/* Begin XCRemoteSwiftPackageReference section */
		2F16E0402F309F9C00BF24A7 /* XCRemoteSwiftPackageReference "swift-package-manager-google-mobile-ads" */ = {
			isa = XCRemoteSwiftPackageReference;
			repositoryURL = "https://github.com/googleads/swift-package-manager-google-mobile-ads.git";
			requirement = {
				kind = upToNextMajorVersion;
				minimumVersion = 12.0.0;
			};
		};
		2F3693582FB47E5600D03CA8 /* XCRemoteSwiftPackageReference "firebase-ios-sdk" */ = {
			isa = XCRemoteSwiftPackageReference;
			repositoryURL = "https://github.com/firebase/firebase-ios-sdk.git";
			requirement = {
				kind = upToNextMajorVersion;
				minimumVersion = 12.13.0;
			};
		};
/* End XCRemoteSwiftPackageReference section */

/* Begin XCSwiftPackageProductDependency section */
		2F16E0412F309F9C00BF24A7 /* GoogleMobileAds */ = {
			isa = XCSwiftPackageProductDependency;
			package = 2F16E0402F309F9C00BF24A7 /* XCRemoteSwiftPackageReference "swift-package-manager-google-mobile-ads" */;
			productName = GoogleMobileAds;
		};
		2F6BABE72FB4844100A38648 /* FirebaseAnalytics */ = {
			isa = XCSwiftPackageProductDependency;
			package = 2F3693582FB47E5600D03CA8 /* XCRemoteSwiftPackageReference "firebase-ios-sdk" */;
			productName = FirebaseAnalytics;
		};
/* End XCSwiftPackageProductDependency section */
	};
	rootObject = 2F16E0052F309F9B00BF24A7 /* Project object */;
}
